
Microsoft Visual Studio Solution File, Format Version 12.00
# Visual Studio 2012
Project("{FAE04EC0-301F-11D3-BF4B-00C04F79EFBC}") = "C_sharp_basics", "C_sharp_basics\C_sharp_basics.csproj", "{7E2160C2-0D2E-4FDB-B1E3-125B23CFA829}"
EndProject
Global
	GlobalSection(SolutionConfigurationPlatforms) = preSolution
		Debug|x86 = Debug|x86
		Release|x86 = Release|x86
	EndGlobalSection
	GlobalSection(ProjectConfigurationPlatforms) = postSolution
		{7E2160C2-0D2E-4FDB-B1E3-125B23CFA829}.Debug|x86.ActiveCfg = Debug|x86
		{7E2160C2-0D2E-4FDB-B1E3-125B23CFA829}.Debug|x86.Build.0 = Debug|x86
		{7E2160C2-0D2E-4FDB-B1E3-125B23CFA829}.Release|x86.ActiveCfg = Release|x86
		{7E2160C2-0D2E-4FDB-B1E3-125B23CFA829}.Release|x86.Build.0 = Release|x86
	EndGlobalSection
EndGlobal
